
Microsoft Visual Studio Solution File, Format Version 12.00
# Visual Studio Version 16
VisualStudioVersion = 16.0.29215.179
MinimumVisualStudioVersion = 10.0.40219.1
Project("{888888A0-9F3D-457C-B088-3A5042F75D52}") = "DjangoWebProject3", "DjangoWebProject3\DjangoWebProject3.pyproj", "{62547098-8831-40D8-9899-761C28E7D574}"
EndProject
Global
	GlobalSection(SolutionConfigurationPlatforms) = preSolution
		Debug|Any CPU = Debug|Any CPU
		Release|Any CPU = Release|Any CPU
	EndGlobalSection
	GlobalSection(ProjectConfigurationPlatforms) = postSolution
		{62547098-8831-40D8-9899-761C28E7D574}.Debug|Any CPU.ActiveCfg = Debug|Any CPU
		{62547098-8831-40D8-9899-761C28E7D574}.Debug|Any CPU.Build.0 = Debug|Any CPU
		{62547098-8831-40D8-9899-761C28E7D574}.Release|Any CPU.ActiveCfg = Release|Any CPU
		{62547098-8831-40D8-9899-761C28E7D574}.Release|Any CPU.Build.0 = Release|Any CPU
	EndGlobalSection
	GlobalSection(SolutionProperties) = preSolution
		HideSolutionNode = FALSE
	EndGlobalSection
	GlobalSection(ExtensibilityGlobals) = postSolution
		SolutionGuid = {2D7995F9-717C-4F85-9C25-46ED2752FD91}
	EndGlobalSection
EndGlobal
